
Microsoft Visual Studio Solution File, Format Version 12.00
# Visual Studio Version 17
VisualStudioVersion = 17.1.32414.318
MinimumVisualStudioVersion = 10.0.40219.1
Project("{FAE04EC0-301F-11D3-BF4B-00C04F79EFBC}") = "WGShopping", "WGShopping\WGShopping.csproj", "{4C82DAD5-7A35-412D-ACBF-E85EC3651FEF}"
EndProject
Global
	GlobalSection(SolutionConfigurationPlatforms) = preSolution
		Debug|Any CPU = Debug|Any CPU
		Release|Any CPU = Release|Any CPU
	EndGlobalSection
	GlobalSection(ProjectConfigurationPlatforms) = postSolution
		{4C82DAD5-7A35-412D-ACBF-E85EC3651FEF}.Debug|Any CPU.ActiveCfg = Debug|Any CPU
		{4C82DAD5-7A35-412D-ACBF-E85EC3651FEF}.Debug|Any CPU.Build.0 = Debug|Any CPU
		{4C82DAD5-7A35-412D-ACBF-E85EC3651FEF}.Release|Any CPU.ActiveCfg = Release|Any CPU
		{4C82DAD5-7A35-412D-ACBF-E85EC3651FEF}.Release|Any CPU.Build.0 = Release|Any CPU
	EndGlobalSection
	GlobalSection(SolutionProperties) = preSolution
		HideSolutionNode = FALSE
	EndGlobalSection
	GlobalSection(ExtensibilityGlobals) = postSolution
		SolutionGuid = {C2E9B897-95F2-43C0-8F33-FFC3523F65A9}
	EndGlobalSection
EndGlobal
