
Microsoft Visual Studio Solution File, Format Version 12.00
# Visual Studio Version 17
VisualStudioVersion = 17.1.32414.318
MinimumVisualStudioVersion = 10.0.40219.1
Project("{FAE04EC0-301F-11D3-BF4B-00C04F79EFBC}") = "WGShopping", "WGShopping\WGShopping.csproj", "{A6A4D5D0-47C2-4D97-AB61-F7905B22442E}"
EndProject
Global
	GlobalSection(SolutionConfigurationPlatforms) = preSolution
		Debug|Any CPU = Debug|Any CPU
		Release|Any CPU = Release|Any CPU
	EndGlobalSection
	GlobalSection(ProjectConfigurationPlatforms) = postSolution
		{A6A4D5D0-47C2-4D97-AB61-F7905B22442E}.Debug|Any CPU.ActiveCfg = Debug|Any CPU
		{A6A4D5D0-47C2-4D97-AB61-F7905B22442E}.Debug|Any CPU.Build.0 = Debug|Any CPU
		{A6A4D5D0-47C2-4D97-AB61-F7905B22442E}.Release|Any CPU.ActiveCfg = Release|Any CPU
		{A6A4D5D0-47C2-4D97-AB61-F7905B22442E}.Release|Any CPU.Build.0 = Release|Any CPU
	EndGlobalSection
	GlobalSection(SolutionProperties) = preSolution
		HideSolutionNode = FALSE
	EndGlobalSection
	GlobalSection(ExtensibilityGlobals) = postSolution
		SolutionGuid = {4224186E-041C-4805-BB98-570B68A0D26C}
	EndGlobalSection
EndGlobal
